
Microsoft Visual Studio Solution File, Format Version 12.00
# Visual Studio 2013
VisualStudioVersion = 12.0.31101.0
MinimumVisualStudioVersion = 10.0.40219.1
Project("{8BC9CEB8-8B4A-11D0-8D11-00A0C91BC942}") = "robottournament", "robottournament\robottournament.vcxproj", "{52019F94-E8C3-43B8-B763-DFB24DC96047}"
	ProjectSection(ProjectDependencies) = postProject
		{298AC527-EF1B-4D97-990D-29327127C4A0} = {298AC527-EF1B-4D97-990D-29327127C4A0}
		{8E5E6829-7521-4D89-B476-33C453CA9280} = {8E5E6829-7521-4D89-B476-33C453CA9280}
		{ACC1EE29-35EC-4AE8-81CB-53D22F39E753} = {ACC1EE29-35EC-4AE8-81CB-53D22F39E753}
		{AB3E462B-E01B-47A8-8656-2D8C2F6B6651} = {AB3E462B-E01B-47A8-8656-2D8C2F6B6651}
		{39953B33-023F-4A77-91B9-9FE0918CBE62} = {39953B33-023F-4A77-91B9-9FE0918CBE62}
		{F88A7233-3982-4EC5-8535-BA104F3C1C21} = {F88A7233-3982-4EC5-8535-BA104F3C1C21}
		{0E332639-49BC-462F-B3BD-B93C6BAB4D8B} = {0E332639-49BC-462F-B3BD-B93C6BAB4D8B}
		{5A29764D-F9C7-462A-B098-A0F56B33655A} = {5A29764D-F9C7-462A-B098-A0F56B33655A}
		{03AE1D5B-A617-4CB9-B88B-CACAA0F49824} = {03AE1D5B-A617-4CB9-B88B-CACAA0F49824}
		{31FFEF71-0C07-4A0F-81EB-ABD69CCB1B67} = {31FFEF71-0C07-4A0F-81EB-ABD69CCB1B67}
		{BDD6C072-5D05-4F4F-85BE-8610660D44F6} = {BDD6C072-5D05-4F4F-85BE-8610660D44F6}
		{6C700A7E-9E14-4276-9802-93A522A2C275} = {6C700A7E-9E14-4276-9802-93A522A2C275}
		{E4CF1796-1C49-4A86-A682-82020170F3C1} = {E4CF1796-1C49-4A86-A682-82020170F3C1}
		{01C0C59A-13C8-4902-B438-8C2C160F8AE1} = {01C0C59A-13C8-4902-B438-8C2C160F8AE1}
		{7EB7C6A2-EA2A-45A5-A744-45FB6B31ABC4} = {7EB7C6A2-EA2A-45A5-A744-45FB6B31ABC4}
		{B5CB9DA9-81DA-45DB-94A6-07D7C1D862CE} = {B5CB9DA9-81DA-45DB-94A6-07D7C1D862CE}
		{D50F58AE-229E-4703-9A68-172C553DF2C7} = {D50F58AE-229E-4703-9A68-172C553DF2C7}
		{18190BB0-C28F-4415-9214-96569EDEA4CF} = {18190BB0-C28F-4415-9214-96569EDEA4CF}
		{226B30B2-76A9-4AC3-9A3A-DDC655B86DEC} = {226B30B2-76A9-4AC3-9A3A-DDC655B86DEC}
		{2B680BBE-9092-4858-81CE-EE1B2BC191FC} = {2B680BBE-9092-4858-81CE-EE1B2BC191FC}
		{8B4771D8-BBCC-43E9-B76C-B3EE7971E692} = {8B4771D8-BBCC-43E9-B76C-B3EE7971E692}
		{9A517ED8-8D41-4A5C-88F6-AD336A93DE10} = {9A517ED8-8D41-4A5C-88F6-AD336A93DE10}
		{72D7A3E0-E7E9-400E-910B-86CD5552976A} = {72D7A3E0-E7E9-400E-910B-86CD5552976A}
		{D63A67F3-2BAD-482D-808E-61C409F09804} = {D63A67F3-2BAD-482D-808E-61C409F09804}
		{3AF440FC-ECD7-4F9B-818B-7B12ED8299B4} = {3AF440FC-ECD7-4F9B-818B-7B12ED8299B4}
	EndProjectSection
EndProject
Project("{2150E333-8FDC-42A3-9474-1A3956D46DE8}") = "Robots", "Robots", "{02F8D234-664C-4B6D-9F9E-956E542172A1}"
EndProject
Project("{8BC9CEB8-8B4A-11D0-8D11-00A0C91BC942}") = "robotbase.01", "Robots\robotbase.01\robotbase.01.vcxproj", "{E4CF1796-1C49-4A86-A682-82020170F3C1}"
EndProject
Project("{8BC9CEB8-8B4A-11D0-8D11-00A0C91BC942}") = "robotbase.02", "Robots\robotbase.02\robotbase.02.vcxproj", "{3AF440FC-ECD7-4F9B-818B-7B12ED8299B4}"
EndProject
Project("{8BC9CEB8-8B4A-11D0-8D11-00A0C91BC942}") = "robotbase.03", "Robots\robotbase.03\robotbase.03.vcxproj", "{ACC1EE29-35EC-4AE8-81CB-53D22F39E753}"
EndProject
Project("{8BC9CEB8-8B4A-11D0-8D11-00A0C91BC942}") = "robotbase.04", "Robots\robotbase.04\robotbase.04.vcxproj", "{31FFEF71-0C07-4A0F-81EB-ABD69CCB1B67}"
EndProject
Project("{8BC9CEB8-8B4A-11D0-8D11-00A0C91BC942}") = "robotbase.05", "Robots\robotbase.05\robotbase.05.vcxproj", "{01C0C59A-13C8-4902-B438-8C2C160F8AE1}"
EndProject
Project("{8BC9CEB8-8B4A-11D0-8D11-00A0C91BC942}") = "robotbase.06", "Robots\robotbase.06\robotbase.06.vcxproj", "{AB3E462B-E01B-47A8-8656-2D8C2F6B6651}"
EndProject
Project("{8BC9CEB8-8B4A-11D0-8D11-00A0C91BC942}") = "robotbase.07", "Robots\robotbase.07\robotbase.07.vcxproj", "{D63A67F3-2BAD-482D-808E-61C409F09804}"
EndProject
Project("{8BC9CEB8-8B4A-11D0-8D11-00A0C91BC942}") = "robotbase.08", "Robots\robotbase.08\robotbase.08.vcxproj", "{39953B33-023F-4A77-91B9-9FE0918CBE62}"
EndProject
Project("{8BC9CEB8-8B4A-11D0-8D11-00A0C91BC942}") = "robotbase.09", "Robots\robotbase.09\robotbase.09.vcxproj", "{F88A7233-3982-4EC5-8535-BA104F3C1C21}"
EndProject
Project("{8BC9CEB8-8B4A-11D0-8D11-00A0C91BC942}") = "robotbase.10", "Robots\robotbase.10\robotbase.10.vcxproj", "{8B4771D8-BBCC-43E9-B76C-B3EE7971E692}"
EndProject
Project("{8BC9CEB8-8B4A-11D0-8D11-00A0C91BC942}") = "robotbase.11", "Robots\robotbase.11\robotbase.11.vcxproj", "{B5CB9DA9-81DA-45DB-94A6-07D7C1D862CE}"
EndProject
Project("{8BC9CEB8-8B4A-11D0-8D11-00A0C91BC942}") = "robotbase.12", "Robots\robotbase.12\robotbase.12.vcxproj", "{226B30B2-76A9-4AC3-9A3A-DDC655B86DEC}"
EndProject
Project("{8BC9CEB8-8B4A-11D0-8D11-00A0C91BC942}") = "robotbase.13", "Robots\robotbase.13\robotbase.13.vcxproj", "{298AC527-EF1B-4D97-990D-29327127C4A0}"
EndProject
Project("{8BC9CEB8-8B4A-11D0-8D11-00A0C91BC942}") = "robotbase.14", "Robots\robotbase.14\robotbase.14.vcxproj", "{D50F58AE-229E-4703-9A68-172C553DF2C7}"
EndProject
Project("{8BC9CEB8-8B4A-11D0-8D11-00A0C91BC942}") = "robotbase.15", "Robots\robotbase.15\robotbase.15.vcxproj", "{5A29764D-F9C7-462A-B098-A0F56B33655A}"
EndProject
Project("{8BC9CEB8-8B4A-11D0-8D11-00A0C91BC942}") = "robotbase.16", "Robots\robotbase.16\robotbase.16.vcxproj", "{9A517ED8-8D41-4A5C-88F6-AD336A93DE10}"
EndProject
Project("{8BC9CEB8-8B4A-11D0-8D11-00A0C91BC942}") = "robotbase.17", "Robots\robotbase.17\robotbase.17.vcxproj", "{7EB7C6A2-EA2A-45A5-A744-45FB6B31ABC4}"
EndProject
Project("{8BC9CEB8-8B4A-11D0-8D11-00A0C91BC942}") = "robotbase.18", "Robots\robotbase.18\robotbase.18.vcxproj", "{03AE1D5B-A617-4CB9-B88B-CACAA0F49824}"
EndProject
Project("{8BC9CEB8-8B4A-11D0-8D11-00A0C91BC942}") = "robotbase.19", "Robots\robotbase.19\robotbase.19.vcxproj", "{8E5E6829-7521-4D89-B476-33C453CA9280}"
EndProject
Project("{8BC9CEB8-8B4A-11D0-8D11-00A0C91BC942}") = "robotbase.20", "Robots\robotbase.20\robotbase.20.vcxproj", "{6C700A7E-9E14-4276-9802-93A522A2C275}"
EndProject
Project("{8BC9CEB8-8B4A-11D0-8D11-00A0C91BC942}") = "robotbase.21", "Robots\robotbase.21\robotbase.21.vcxproj", "{2B680BBE-9092-4858-81CE-EE1B2BC191FC}"
EndProject
Project("{8BC9CEB8-8B4A-11D0-8D11-00A0C91BC942}") = "robotbase.22", "Robots\robotbase.22\robotbase.22.vcxproj", "{0E332639-49BC-462F-B3BD-B93C6BAB4D8B}"
EndProject
Project("{8BC9CEB8-8B4A-11D0-8D11-00A0C91BC942}") = "robotbase.23", "Robots\robotbase.23\robotbase.23.vcxproj", "{18190BB0-C28F-4415-9214-96569EDEA4CF}"
EndProject
Project("{8BC9CEB8-8B4A-11D0-8D11-00A0C91BC942}") = "robotbase.24", "Robots\robotbase.24\robotbase.24.vcxproj", "{BDD6C072-5D05-4F4F-85BE-8610660D44F6}"
EndProject
Project("{8BC9CEB8-8B4A-11D0-8D11-00A0C91BC942}") = "robotbase.25", "Robots\robotbase.25\robotbase.25.vcxproj", "{72D7A3E0-E7E9-400E-910B-86CD5552976A}"
EndProject
Global
	GlobalSection(SolutionConfigurationPlatforms) = preSolution
		Debug|Win32 = Debug|Win32
		Release|Win32 = Release|Win32
	EndGlobalSection
	GlobalSection(ProjectConfigurationPlatforms) = postSolution
		{52019F94-E8C3-43B8-B763-DFB24DC96047}.Debug|Win32.ActiveCfg = Debug|Win32
		{52019F94-E8C3-43B8-B763-DFB24DC96047}.Debug|Win32.Build.0 = Debug|Win32
		{52019F94-E8C3-43B8-B763-DFB24DC96047}.Release|Win32.ActiveCfg = Release|Win32
		{52019F94-E8C3-43B8-B763-DFB24DC96047}.Release|Win32.Build.0 = Release|Win32
		{E4CF1796-1C49-4A86-A682-82020170F3C1}.Debug|Win32.ActiveCfg = Debug|Win32
		{E4CF1796-1C49-4A86-A682-82020170F3C1}.Debug|Win32.Build.0 = Debug|Win32
		{E4CF1796-1C49-4A86-A682-82020170F3C1}.Release|Win32.ActiveCfg = Release|Win32
		{E4CF1796-1C49-4A86-A682-82020170F3C1}.Release|Win32.Build.0 = Release|Win32
		{3AF440FC-ECD7-4F9B-818B-7B12ED8299B4}.Debug|Win32.ActiveCfg = Debug|Win32
		{3AF440FC-ECD7-4F9B-818B-7B12ED8299B4}.Debug|Win32.Build.0 = Debug|Win32
		{3AF440FC-ECD7-4F9B-818B-7B12ED8299B4}.Release|Win32.ActiveCfg = Release|Win32
		{3AF440FC-ECD7-4F9B-818B-7B12ED8299B4}.Release|Win32.Build.0 = Release|Win32
		{ACC1EE29-35EC-4AE8-81CB-53D22F39E753}.Debug|Win32.ActiveCfg = Debug|Win32
		{ACC1EE29-35EC-4AE8-81CB-53D22F39E753}.Debug|Win32.Build.0 = Debug|Win32
		{ACC1EE29-35EC-4AE8-81CB-53D22F39E753}.Release|Win32.ActiveCfg = Release|Win32
		{ACC1EE29-35EC-4AE8-81CB-53D22F39E753}.Release|Win32.Build.0 = Release|Win32
		{31FFEF71-0C07-4A0F-81EB-ABD69CCB1B67}.Debug|Win32.ActiveCfg = Debug|Win32
		{31FFEF71-0C07-4A0F-81EB-ABD69CCB1B67}.Debug|Win32.Build.0 = Debug|Win32
		{31FFEF71-0C07-4A0F-81EB-ABD69CCB1B67}.Release|Win32.ActiveCfg = Release|Win32
		{31FFEF71-0C07-4A0F-81EB-ABD69CCB1B67}.Release|Win32.Build.0 = Release|Win32
		{01C0C59A-13C8-4902-B438-8C2C160F8AE1}.Debug|Win32.ActiveCfg = Debug|Win32
		{01C0C59A-13C8-4902-B438-8C2C160F8AE1}.Debug|Win32.Build.0 = Debug|Win32
		{01C0C59A-13C8-4902-B438-8C2C160F8AE1}.Release|Win32.ActiveCfg = Release|Win32
		{01C0C59A-13C8-4902-B438-8C2C160F8AE1}.Release|Win32.Build.0 = Release|Win32
		{AB3E462B-E01B-47A8-8656-2D8C2F6B6651}.Debug|Win32.ActiveCfg = Debug|Win32
		{AB3E462B-E01B-47A8-8656-2D8C2F6B6651}.Debug|Win32.Build.0 = Debug|Win32
		{AB3E462B-E01B-47A8-8656-2D8C2F6B6651}.Release|Win32.ActiveCfg = Release|Win32
		{AB3E462B-E01B-47A8-8656-2D8C2F6B6651}.Release|Win32.Build.0 = Release|Win32
		{D63A67F3-2BAD-482D-808E-61C409F09804}.Debug|Win32.ActiveCfg = Debug|Win32
		{D63A67F3-2BAD-482D-808E-61C409F09804}.Debug|Win32.Build.0 = Debug|Win32
		{D63A67F3-2BAD-482D-808E-61C409F09804}.Release|Win32.ActiveCfg = Release|Win32
		{D63A67F3-2BAD-482D-808E-61C409F09804}.Release|Win32.Build.0 = Release|Win32
		{39953B33-023F-4A77-91B9-9FE0918CBE62}.Debug|Win32.ActiveCfg = Debug|Win32
		{39953B33-023F-4A77-91B9-9FE0918CBE62}.Debug|Win32.Build.0 = Debug|Win32
		{39953B33-023F-4A77-91B9-9FE0918CBE62}.Release|Win32.ActiveCfg = Release|Win32
		{39953B33-023F-4A77-91B9-9FE0918CBE62}.Release|Win32.Build.0 = Release|Win32
		{F88A7233-3982-4EC5-8535-BA104F3C1C21}.Debug|Win32.ActiveCfg = Debug|Win32
		{F88A7233-3982-4EC5-8535-BA104F3C1C21}.Debug|Win32.Build.0 = Debug|Win32
		{F88A7233-3982-4EC5-8535-BA104F3C1C21}.Release|Win32.ActiveCfg = Release|Win32
		{F88A7233-3982-4EC5-8535-BA104F3C1C21}.Release|Win32.Build.0 = Release|Win32
		{8B4771D8-BBCC-43E9-B76C-B3EE7971E692}.Debug|Win32.ActiveCfg = Debug|Win32
		{8B4771D8-BBCC-43E9-B76C-B3EE7971E692}.Debug|Win32.Build.0 = Debug|Win32
		{8B4771D8-BBCC-43E9-B76C-B3EE7971E692}.Release|Win32.ActiveCfg = Release|Win32
		{8B4771D8-BBCC-43E9-B76C-B3EE7971E692}.Release|Win32.Build.0 = Release|Win32
		{B5CB9DA9-81DA-45DB-94A6-07D7C1D862CE}.Debug|Win32.ActiveCfg = Debug|Win32
		{B5CB9DA9-81DA-45DB-94A6-07D7C1D862CE}.Debug|Win32.Build.0 = Debug|Win32
		{B5CB9DA9-81DA-45DB-94A6-07D7C1D862CE}.Release|Win32.ActiveCfg = Release|Win32
		{B5CB9DA9-81DA-45DB-94A6-07D7C1D862CE}.Release|Win32.Build.0 = Release|Win32
		{226B30B2-76A9-4AC3-9A3A-DDC655B86DEC}.Debug|Win32.ActiveCfg = Debug|Win32
		{226B30B2-76A9-4AC3-9A3A-DDC655B86DEC}.Debug|Win32.Build.0 = Debug|Win32
		{226B30B2-76A9-4AC3-9A3A-DDC655B86DEC}.Release|Win32.ActiveCfg = Release|Win32
		{226B30B2-76A9-4AC3-9A3A-DDC655B86DEC}.Release|Win32.Build.0 = Release|Win32
		{298AC527-EF1B-4D97-990D-29327127C4A0}.Debug|Win32.ActiveCfg = Debug|Win32
		{298AC527-EF1B-4D97-990D-29327127C4A0}.Debug|Win32.Build.0 = Debug|Win32
		{298AC527-EF1B-4D97-990D-29327127C4A0}.Release|Win32.ActiveCfg = Release|Win32
		{298AC527-EF1B-4D97-990D-29327127C4A0}.Release|Win32.Build.0 = Release|Win32
		{D50F58AE-229E-4703-9A68-172C553DF2C7}.Debug|Win32.ActiveCfg = Debug|Win32
		{D50F58AE-229E-4703-9A68-172C553DF2C7}.Debug|Win32.Build.0 = Debug|Win32
		{D50F58AE-229E-4703-9A68-172C553DF2C7}.Release|Win32.ActiveCfg = Release|Win32
		{D50F58AE-229E-4703-9A68-172C553DF2C7}.Release|Win32.Build.0 = Release|Win32
		{5A29764D-F9C7-462A-B098-A0F56B33655A}.Debug|Win32.ActiveCfg = Debug|Win32
		{5A29764D-F9C7-462A-B098-A0F56B33655A}.Debug|Win32.Build.0 = Debug|Win32
		{5A29764D-F9C7-462A-B098-A0F56B33655A}.Release|Win32.ActiveCfg = Release|Win32
		{5A29764D-F9C7-462A-B098-A0F56B33655A}.Release|Win32.Build.0 = Release|Win32
		{9A517ED8-8D41-4A5C-88F6-AD336A93DE10}.Debug|Win32.ActiveCfg = Debug|Win32
		{9A517ED8-8D41-4A5C-88F6-AD336A93DE10}.Debug|Win32.Build.0 = Debug|Win32
		{9A517ED8-8D41-4A5C-88F6-AD336A93DE10}.Release|Win32.ActiveCfg = Release|Win32
		{9A517ED8-8D41-4A5C-88F6-AD336A93DE10}.Release|Win32.Build.0 = Release|Win32
		{7EB7C6A2-EA2A-45A5-A744-45FB6B31ABC4}.Debug|Win32.ActiveCfg = Debug|Win32
		{7EB7C6A2-EA2A-45A5-A744-45FB6B31ABC4}.Debug|Win32.Build.0 = Debug|Win32
		{7EB7C6A2-EA2A-45A5-A744-45FB6B31ABC4}.Release|Win32.ActiveCfg = Release|Win32
		{7EB7C6A2-EA2A-45A5-A744-45FB6B31ABC4}.Release|Win32.Build.0 = Release|Win32
		{03AE1D5B-A617-4CB9-B88B-CACAA0F49824}.Debug|Win32.ActiveCfg = Debug|Win32
		{03AE1D5B-A617-4CB9-B88B-CACAA0F49824}.Debug|Win32.Build.0 = Debug|Win32
		{03AE1D5B-A617-4CB9-B88B-CACAA0F49824}.Release|Win32.ActiveCfg = Release|Win32
		{03AE1D5B-A617-4CB9-B88B-CACAA0F49824}.Release|Win32.Build.0 = Release|Win32
		{8E5E6829-7521-4D89-B476-33C453CA9280}.Debug|Win32.ActiveCfg = Debug|Win32
		{8E5E6829-7521-4D89-B476-33C453CA9280}.Debug|Win32.Build.0 = Debug|Win32
		{8E5E6829-7521-4D89-B476-33C453CA9280}.Release|Win32.ActiveCfg = Release|Win32
		{8E5E6829-7521-4D89-B476-33C453CA9280}.Release|Win32.Build.0 = Release|Win32
		{6C700A7E-9E14-4276-9802-93A522A2C275}.Debug|Win32.ActiveCfg = Debug|Win32
		{6C700A7E-9E14-4276-9802-93A522A2C275}.Debug|Win32.Build.0 = Debug|Win32
		{6C700A7E-9E14-4276-9802-93A522A2C275}.Release|Win32.ActiveCfg = Release|Win32
		{6C700A7E-9E14-4276-9802-93A522A2C275}.Release|Win32.Build.0 = Release|Win32
		{2B680BBE-9092-4858-81CE-EE1B2BC191FC}.Debug|Win32.ActiveCfg = Debug|Win32
		{2B680BBE-9092-4858-81CE-EE1B2BC191FC}.Debug|Win32.Build.0 = Debug|Win32
		{2B680BBE-9092-4858-81CE-EE1B2BC191FC}.Release|Win32.ActiveCfg = Release|Win32
		{2B680BBE-9092-4858-81CE-EE1B2BC191FC}.Release|Win32.Build.0 = Release|Win32
		{0E332639-49BC-462F-B3BD-B93C6BAB4D8B}.Debug|Win32.ActiveCfg = Debug|Win32
		{0E332639-49BC-462F-B3BD-B93C6BAB4D8B}.Debug|Win32.Build.0 = Debug|Win32
		{0E332639-49BC-462F-B3BD-B93C6BAB4D8B}.Release|Win32.ActiveCfg = Release|Win32
		{0E332639-49BC-462F-B3BD-B93C6BAB4D8B}.Release|Win32.Build.0 = Release|Win32
		{18190BB0-C28F-4415-9214-96569EDEA4CF}.Debug|Win32.ActiveCfg = Debug|Win32
		{18190BB0-C28F-4415-9214-96569EDEA4CF}.Debug|Win32.Build.0 = Debug|Win32
		{18190BB0-C28F-4415-9214-96569EDEA4CF}.Release|Win32.ActiveCfg = Release|Win32
		{18190BB0-C28F-4415-9214-96569EDEA4CF}.Release|Win32.Build.0 = Release|Win32
		{BDD6C072-5D05-4F4F-85BE-8610660D44F6}.Debug|Win32.ActiveCfg = Debug|Win32
		{BDD6C072-5D05-4F4F-85BE-8610660D44F6}.Debug|Win32.Build.0 = Debug|Win32
		{BDD6C072-5D05-4F4F-85BE-8610660D44F6}.Release|Win32.ActiveCfg = Release|Win32
		{BDD6C072-5D05-4F4F-85BE-8610660D44F6}.Release|Win32.Build.0 = Release|Win32
		{72D7A3E0-E7E9-400E-910B-86CD5552976A}.Debug|Win32.ActiveCfg = Debug|Win32
		{72D7A3E0-E7E9-400E-910B-86CD5552976A}.Debug|Win32.Build.0 = Debug|Win32
		{72D7A3E0-E7E9-400E-910B-86CD5552976A}.Release|Win32.ActiveCfg = Release|Win32
		{72D7A3E0-E7E9-400E-910B-86CD5552976A}.Release|Win32.Build.0 = Release|Win32
	EndGlobalSection
	GlobalSection(SolutionProperties) = preSolution
		HideSolutionNode = FALSE
	EndGlobalSection
	GlobalSection(NestedProjects) = preSolution
		{E4CF1796-1C49-4A86-A682-82020170F3C1} = {02F8D234-664C-4B6D-9F9E-956E542172A1}
		{3AF440FC-ECD7-4F9B-818B-7B12ED8299B4} = {02F8D234-664C-4B6D-9F9E-956E542172A1}
		{ACC1EE29-35EC-4AE8-81CB-53D22F39E753} = {02F8D234-664C-4B6D-9F9E-956E542172A1}
		{31FFEF71-0C07-4A0F-81EB-ABD69CCB1B67} = {02F8D234-664C-4B6D-9F9E-956E542172A1}
		{01C0C59A-13C8-4902-B438-8C2C160F8AE1} = {02F8D234-664C-4B6D-9F9E-956E542172A1}
		{AB3E462B-E01B-47A8-8656-2D8C2F6B6651} = {02F8D234-664C-4B6D-9F9E-956E542172A1}
		{D63A67F3-2BAD-482D-808E-61C409F09804} = {02F8D234-664C-4B6D-9F9E-956E542172A1}
		{39953B33-023F-4A77-91B9-9FE0918CBE62} = {02F8D234-664C-4B6D-9F9E-956E542172A1}
		{F88A7233-3982-4EC5-8535-BA104F3C1C21} = {02F8D234-664C-4B6D-9F9E-956E542172A1}
		{8B4771D8-BBCC-43E9-B76C-B3EE7971E692} = {02F8D234-664C-4B6D-9F9E-956E542172A1}
		{B5CB9DA9-81DA-45DB-94A6-07D7C1D862CE} = {02F8D234-664C-4B6D-9F9E-956E542172A1}
		{226B30B2-76A9-4AC3-9A3A-DDC655B86DEC} = {02F8D234-664C-4B6D-9F9E-956E542172A1}
		{298AC527-EF1B-4D97-990D-29327127C4A0} = {02F8D234-664C-4B6D-9F9E-956E542172A1}
		{D50F58AE-229E-4703-9A68-172C553DF2C7} = {02F8D234-664C-4B6D-9F9E-956E542172A1}
		{5A29764D-F9C7-462A-B098-A0F56B33655A} = {02F8D234-664C-4B6D-9F9E-956E542172A1}
		{9A517ED8-8D41-4A5C-88F6-AD336A93DE10} = {02F8D234-664C-4B6D-9F9E-956E542172A1}
		{7EB7C6A2-EA2A-45A5-A744-45FB6B31ABC4} = {02F8D234-664C-4B6D-9F9E-956E542172A1}
		{03AE1D5B-A617-4CB9-B88B-CACAA0F49824} = {02F8D234-664C-4B6D-9F9E-956E542172A1}
		{8E5E6829-7521-4D89-B476-33C453CA9280} = {02F8D234-664C-4B6D-9F9E-956E542172A1}
		{6C700A7E-9E14-4276-9802-93A522A2C275} = {02F8D234-664C-4B6D-9F9E-956E542172A1}
		{2B680BBE-9092-4858-81CE-EE1B2BC191FC} = {02F8D234-664C-4B6D-9F9E-956E542172A1}
		{0E332639-49BC-462F-B3BD-B93C6BAB4D8B} = {02F8D234-664C-4B6D-9F9E-956E542172A1}
		{18190BB0-C28F-4415-9214-96569EDEA4CF} = {02F8D234-664C-4B6D-9F9E-956E542172A1}
		{BDD6C072-5D05-4F4F-85BE-8610660D44F6} = {02F8D234-664C-4B6D-9F9E-956E542172A1}
		{72D7A3E0-E7E9-400E-910B-86CD5552976A} = {02F8D234-664C-4B6D-9F9E-956E542172A1}
	EndGlobalSection
EndGlobal
